// !$*UTF8*$!
{
	archiveVersion = 1;
	classes = {
	};
	objectVersion = 46;
	objects = {

/* Begin PBXBuildFile section */
		2EFD2A131E9A672400177589 /* AppDelegate.swift in Sources */ = {isa = PBXBuildFile; fileRef = 2EFD2A121E9A672400177589 /* AppDelegate.swift */; };
		2EFD2A151E9A672400177589 /* ViewController.swift in Sources */ = {isa = PBXBuildFile; fileRef = 2EFD2A141E9A672400177589 /* ViewController.swift */; };
		2EFD2A181E9A672400177589 /* Main.storyboard in Resources */ = {isa = PBXBuildFile; fileRef = 2EFD2A161E9A672400177589 /* Main.storyboard */; };
		2EFD2A1A1E9A672400177589 /* Assets.xcassets in Resources */ = {isa = PBXBuildFile; fileRef = 2EFD2A191E9A672400177589 /* Assets.xcassets */; };
		2EFD2A1D1E9A672400177589 /* LaunchScreen.storyboard in Resources */ = {isa = PBXBuildFile; fileRef = 2EFD2A1B1E9A672400177589 /* LaunchScreen.storyboard */; };
		2EFD2A251E9A885D00177589 /* MPButton.swift in Sources */ = {isa = PBXBuildFile; fileRef = 2EFD2A241E9A885D00177589 /* MPButton.swift */; };
/* End PBXBuildFile section */

/* Begin PBXFileReference section */
		2EFD2A0F1E9A672400177589 /* MPButton.app */ = {isa = PBXFileReference; explicitFileType = wrapper.application; includeInIndex = 0; path = MPButton.app; sourceTree = BUILT_PRODUCTS_DIR; };
		2EFD2A121E9A672400177589 /* AppDelegate.swift */ = {isa = PBXFileReference; lastKnownFileType = sourcecode.swift; path = AppDelegate.swift; sourceTree = "<group>"; };
		2EFD2A141E9A672400177589 /* ViewController.swift */ = {isa = PBXFileReference; lastKnownFileType = sourcecode.swift; path = ViewController.swift; sourceTree = "<group>"; };
		2EFD2A171E9A672400177589 /* Base */ = {isa = PBXFileReference; lastKnownFileType = file.storyboard; name = Base; path = Base.lproj/Main.storyboard; sourceTree = "<group>"; };
		2EFD2A191E9A672400177589 /* Assets.xcassets */ = {isa = PBXFileReference; lastKnownFileType = folder.assetcatalog; path = Assets.xcassets; sourceTree = "<group>"; };
		2EFD2A1C1E9A672400177589 /* Base */ = {isa = PBXFileReference; lastKnownFileType = file.storyboard; name = Base; path = Base.lproj/LaunchScreen.storyboard; sourceTree = "<group>"; };
		2EFD2A1E1E9A672400177589 /* Info.plist */ = {isa = PBXFileReference; lastKnownFileType = text.plist.xml; path = Info.plist; sourceTree = "<group>"; };
		2EFD2A241E9A885D00177589 /* MPButton.swift */ = {isa = PBXFileReference; fileEncoding = 4; lastKnownFileType = sourcecode.swift; path = MPButton.swift; sourceTree = "<group>"; };
/* End PBXFileReference section */

/* Begin PBXFrameworksBuildPhase section */
		2EFD2A0C1E9A672400177589 /* Frameworks */ = {
			isa = PBXFrameworksBuildPhase;
			buildActionMask = 2147483647;
			files = (
			);
			runOnlyForDeploymentPostprocessing = 0;
		};
/* End PBXFrameworksBuildPhase section */

/* Begin PBXGroup section */
		2EFD2A061E9A672400177589 = {
			isa = PBXGroup;
			children = (
				2EFD2A111E9A672400177589 /* MPButton */,
				2EFD2A101E9A672400177589 /* Products */,
			);
			sourceTree = "<group>";
		};
		2EFD2A101E9A672400177589 /* Products */ = {
			isa = PBXGroup;
			children = (
				2EFD2A0F1E9A672400177589 /* MPButton.app */,
			);
			name = Products;
			sourceTree = "<group>";
		};
		2EFD2A111E9A672400177589 /* MPButton */ = {
			isa = PBXGroup;
			children = (
				2EFD2A121E9A672400177589 /* AppDelegate.swift */,
				2EFD2A141E9A672400177589 /* ViewController.swift */,
				2EFD2A241E9A885D00177589 /* MPButton.swift */,
				2EFD2A161E9A672400177589 /* Main.storyboard */,
				2EFD2A191E9A672400177589 /* Assets.xcassets */,
				2EFD2A1B1E9A672400177589 /* LaunchScreen.storyboard */,
				2EFD2A1E1E9A672400177589 /* Info.plist */,
			);
			path = MPButton;
			sourceTree = "<group>";
		};
/* End PBXGroup section */

/* Begin PBXNativeTarget section */
		2EFD2A0E1E9A672400177589 /* MPButton */ = {
			isa = PBXNativeTarget;
			buildConfigurationList = 2EFD2A211E9A672400177589 /* Build configuration list for PBXNativeTarget "MPButton" */;
			buildPhases = (
				2EFD2A0B1E9A672400177589 /* Sources */,
				2EFD2A0C1E9A672400177589 /* Frameworks */,
				2EFD2A0D1E9A672400177589 /* Resources */,
			);
			buildRules = (
			);
			dependencies = (
			);
			name = MPButton;
			productName = MPButton;
			productReference = 2EFD2A0F1E9A672400177589 /* MPButton.app */;
			productType = "com.apple.product-type.application";
		};
/* End PBXNativeTarget section */

/* Begin PBXProject section */
		2EFD2A071E9A672400177589 /* Project object */ = {
			isa = PBXProject;
			attributes = {
				LastSwiftUpdateCheck = 0830;
				LastUpgradeCheck = 0830;
				ORGANIZATIONNAME = "Marcos Palacios";
				TargetAttributes = {
					2EFD2A0E1E9A672400177589 = {
						CreatedOnToolsVersion = 8.3;
						DevelopmentTeam = ZBE5K9UC4V;
						ProvisioningStyle = Automatic;
					};
				};
			};
			buildConfigurationList = 2EFD2A0A1E9A672400177589 /* Build configuration list for PBXProject "MPButton" */;
			compatibilityVersion = "Xcode 3.2";
			developmentRegion = English;
			hasScannedForEncodings = 0;
			knownRegions = (
				en,
				Base,
			);
			mainGroup = 2EFD2A061E9A672400177589;
			productRefGroup = 2EFD2A101E9A672400177589 /* Products */;
			projectDirPath = "";
			projectRoot = "";
			targets = (
				2EFD2A0E1E9A672400177589 /* MPButton */,
			);
		};
/* End PBXProject section */

/* Begin PBXResourcesBuildPhase section */
		2EFD2A0D1E9A672400177589 /* Resources */ = {
			isa = PBXResourcesBuildPhase;
			buildActionMask = 2147483647;
			files = (
				2EFD2A1D1E9A672400177589 /* LaunchScreen.storyboard in Resources */,
				2EFD2A1A1E9A672400177589 /* Assets.xcassets in Resources */,
				2EFD2A181E9A672400177589 /* Main.storyboard in Resources */,
			);
			runOnlyForDeploymentPostprocessing = 0;
		};
/* End PBXResourcesBuildPhase section */

/* Begin PBXSourcesBuildPhase section */
		2EFD2A0B1E9A672400177589 /* Sources */ = {
			isa = PBXSourcesBuildPhase;
			buildActionMask = 2147483647;
			files = (
				2EFD2A251E9A885D00177589 /* MPButton.swift in Sources */,
				2EFD2A151E9A672400177589 /* ViewController.swift in Sources */,
				2EFD2A131E9A672400177589 /* AppDelegate.swift in Sources */,
			);
			runOnlyForDeploymentPostprocessing = 0;
		};
/* End PBXSourcesBuildPhase section */

/* Begin PBXVariantGroup section */
		2EFD2A161E9A672400177589 /* Main.storyboard */ = {
			isa = PBXVariantGroup;
			children = (
				2EFD2A171E9A672400177589 /* Base */,
			);
			name = Main.storyboard;
			sourceTree = "<group>";
		};
		2EFD2A1B1E9A672400177589 /* LaunchScreen.storyboard */ = {
			isa = PBXVariantGroup;
			children = (
				2EFD2A1C1E9A672400177589 /* Base */,
			);
			name = LaunchScreen.storyboard;
			sourceTree = "<group>";
		};
/* End PBXVariantGroup section */

/* Begin XCBuildConfiguration section */
		2EFD2A1F1E9A672400177589 /* Debug */ = {
			isa = XCBuildConfiguration;
			buildSettings = {
				ALWAYS_SEARCH_USER_PATHS = NO;
				CLANG_ANALYZER_NONNULL = YES;
				CLANG_ANALYZER_NUMBER_OBJECT_CONVERSION = YES_AGGRESSIVE;
				CLANG_CXX_LANGUAGE_STANDARD = "gnu++0x";
				CLANG_CXX_LIBRARY = "libc++";
				CLANG_ENABLE_MODULES = YES;
				CLANG_ENABLE_OBJC_ARC = YES;
				CLANG_WARN_BOOL_CONVERSION = YES;
				CLANG_WARN_CONSTANT_CONVERSION = YES;
				CLANG_WARN_DIRECT_OBJC_ISA_USAGE = YES_ERROR;
				CLANG_WARN_DOCUMENTATION_COMMENTS = YES;
				CLANG_WARN_EMPTY_BODY = YES;
				CLANG_WARN_ENUM_CONVERSION = YES;
				CLANG_WARN_INFINITE_RECURSION = YES;
				CLANG_WARN_INT_CONVERSION = YES;
				CLANG_WARN_OBJC_ROOT_CLASS = YES_ERROR;
				CLANG_WARN_SUSPICIOUS_MOVE = YES;
				CLANG_WARN_UNREACHABLE_CODE = YES;
				CLANG_WARN__DUPLICATE_METHOD_MATCH = YES;
				"CODE_SIGN_IDENTITY[sdk=iphoneos*]" = "iPhone Developer";
				COPY_PHASE_STRIP = NO;
				DEBUG_INFORMATION_FORMAT = dwarf;
				ENABLE_STRICT_OBJC_MSGSEND = YES;
				ENABLE_TESTABILITY = YES;
				GCC_C_LANGUAGE_STANDARD = gnu99;
				GCC_DYNAMIC_NO_PIC = NO;
				GCC_NO_COMMON_BLOCKS = YES;
				GCC_OPTIMIZATION_LEVEL = 0;
				GCC_PREPROCESSOR_DEFINITIONS = (
					"DEBUG=1",
					"$(inherited)",
				);
				GCC_WARN_64_TO_32_BIT_CONVERSION = YES;
				GCC_WARN_ABOUT_RETURN_TYPE = YES_ERROR;
				GCC_WARN_UNDECLARED_SELECTOR = YES;
				GCC_WARN_UNINITIALIZED_AUTOS = YES_AGGRESSIVE;
				GCC_WARN_UNUSED_FUNCTION = YES;
				GCC_WARN_UNUSED_VARIABLE = YES;
				IPHONEOS_DEPLOYMENT_TARGET = 10.3;
				MTL_ENABLE_DEBUG_INFO = YES;
				ONLY_ACTIVE_ARCH = YES;
				SDKROOT = iphoneos;
				SWIFT_ACTIVE_COMPILATION_CONDITIONS = DEBUG;
				SWIFT_OPTIMIZATION_LEVEL = "-Onone";
			};
			name = Debug;
		};
		2EFD2A201E9A672400177589 /* Release */ = {
			isa = XCBuildConfiguration;
			buildSettings = {
				ALWAYS_SEARCH_USER_PATHS = NO;
				CLANG_ANALYZER_NONNULL = YES;
				CLANG_ANALYZER_NUMBER_OBJECT_CONVERSION = YES_AGGRESSIVE;
				CLANG_CXX_LANGUAGE_STANDARD = "gnu++0x";
				CLANG_CXX_LIBRARY = "libc++";
				CLANG_ENABLE_MODULES = YES;
				CLANG_ENABLE_OBJC_ARC = YES;
				CLANG_WARN_BOOL_CONVERSION = YES;
				CLANG_WARN_CONSTANT_CONVERSION = YES;
				CLANG_WARN_DIRECT_OBJC_ISA_USAGE = YES_ERROR;
				CLANG_WARN_DOCUMENTATION_COMMENTS = YES;
				CLANG_WARN_EMPTY_BODY = YES;
				CLANG_WARN_ENUM_CONVERSION = YES;
				CLANG_WARN_INFINITE_RECURSION = YES;
				CLANG_WARN_INT_CONVERSION = YES;
				CLANG_WARN_OBJC_ROOT_CLASS = YES_ERROR;
				CLANG_WARN_SUSPICIOUS_MOVE = YES;
				CLANG_WARN_UNREACHABLE_CODE = YES;
				CLANG_WARN__DUPLICATE_METHOD_MATCH = YES;
				"CODE_SIGN_IDENTITY[sdk=iphoneos*]" = "iPhone Developer";
				COPY_PHASE_STRIP = NO;
				DEBUG_INFORMATION_FORMAT = "dwarf-with-dsym";
				ENABLE_NS_ASSERTIONS = NO;
				ENABLE_STRICT_OBJC_MSGSEND = YES;
				GCC_C_LANGUAGE_STANDARD = gnu99;
				GCC_NO_COMMON_BLOCKS = YES;
				GCC_WARN_64_TO_32_BIT_CONVERSION = YES;
				GCC_WARN_ABOUT_RETURN_TYPE = YES_ERROR;
				GCC_WARN_UNDECLARED_SELECTOR = YES;
				GCC_WARN_UNINITIALIZED_AUTOS = YES_AGGRESSIVE;
				GCC_WARN_UNUSED_FUNCTION = YES;
				GCC_WARN_UNUSED_VARIABLE = YES;
				IPHONEOS_DEPLOYMENT_TARGET = 10.3;
				MTL_ENABLE_DEBUG_INFO = NO;
				SDKROOT = iphoneos;
				SWIFT_OPTIMIZATION_LEVEL = "-Owholemodule";
				VALIDATE_PRODUCT = YES;
			};
			name = Release;
		};
		2EFD2A221E9A672400177589 /* Debug */ = {
			isa = XCBuildConfiguration;
			buildSettings = {
				ASSETCATALOG_COMPILER_APPICON_NAME = AppIcon;
				DEVELOPMENT_TEAM = ZBE5K9UC4V;
				INFOPLIST_FILE = MPButton/Info.plist;
				LD_RUNPATH_SEARCH_PATHS = "$(inherited) @executable_path/Frameworks";
				PRODUCT_BUNDLE_IDENTIFIER = MP.MPButton;
				PRODUCT_NAME = "$(TARGET_NAME)";
				SWIFT_VERSION = 3.0;
			};
			name = Debug;
		};
		2EFD2A231E9A672400177589 /* Release */ = {
			isa = XCBuildConfiguration;
			buildSettings = {
				ASSETCATALOG_COMPILER_APPICON_NAME = AppIcon;
				DEVELOPMENT_TEAM = ZBE5K9UC4V;
				INFOPLIST_FILE = MPButton/Info.plist;
				LD_RUNPATH_SEARCH_PATHS = "$(inherited) @executable_path/Frameworks";
				PRODUCT_BUNDLE_IDENTIFIER = MP.MPButton;
				PRODUCT_NAME = "$(TARGET_NAME)";
				SWIFT_VERSION = 3.0;
			};
			name = Release;
		};
/* End XCBuildConfiguration section */

/* Begin XCConfigurationList section */
		2EFD2A0A1E9A672400177589 /* Build configuration list for PBXProject "MPButton" */ = {
			isa = XCConfigurationList;
			buildConfigurations = (
				2EFD2A1F1E9A672400177589 /* Debug */,
				2EFD2A201E9A672400177589 /* Release */,
			);
			defaultConfigurationIsVisible = 0;
			defaultConfigurationName = Release;
		};
		2EFD2A211E9A672400177589 /* Build configuration list for PBXNativeTarget "MPButton" */ = {
			isa = XCConfigurationList;
			buildConfigurations = (
				2EFD2A221E9A672400177589 /* Debug */,
				2EFD2A231E9A672400177589 /* Release */,
			);
			defaultConfigurationIsVisible = 0;
		};
/* End XCConfigurationList section */
	};
	rootObject = 2EFD2A071E9A672400177589 /* Project object */;
}
